
Microsoft Visual Studio Solution File, Format Version 12.00
# Visual Studio Version 17
VisualStudioVersion = 17.0.31912.275
MinimumVisualStudioVersion = 10.0.40219.1
Project("{9A19103F-16F7-4668-BE54-9A1E7A4F7556}") = "Phantasma.Core", "Phantasma.Core\src\Phantasma.Core.csproj", "{D2212E28-7FF6-4E7C-AD28-CD22B4E92D5F}"
EndProject
Project("{9A19103F-16F7-4668-BE54-9A1E7A4F7556}") = "Phantasma.Core.Tests", "Phantasma.Core.Tests\Phantasma.Core.Tests.csproj", "{5256A1AB-4AAC-4A61-8F95-D585859E6A57}"
EndProject
Project("{9A19103F-16F7-4668-BE54-9A1E7A4F7556}") = "Phantasma.Business", "Phantasma.Business\src\Phantasma.Business.csproj", "{31F2E65A-AD01-4BB3-8825-7E3B0042CB42}"
EndProject
Project("{9A19103F-16F7-4668-BE54-9A1E7A4F7556}") = "Phantasma.Infrastructure", "Phantasma.Infrastructure\src\Phantasma.Infrastructure.csproj", "{5D6951A4-57E6-4E2F-9E18-24666D122084}"
EndProject
Project("{9A19103F-16F7-4668-BE54-9A1E7A4F7556}") = "Phantasma.Shared", "Phantasma.Shared\src\Phantasma.Shared.csproj", "{C27493A5-2295-4DD9-B3D0-5B72049634E8}"
EndProject
Project("{FAE04EC0-301F-11D3-BF4B-00C04F79EFBC}") = "Node", "Node\Node.csproj", "{77D26F7A-104A-49FE-AA7C-EE5DC4599267}"
EndProject
Project("{FAE04EC0-301F-11D3-BF4B-00C04F79EFBC}") = "Tendermint", "Tendermint\Tendermint.csproj", "{39B56E68-E12A-418D-B7B1-3ECC011BAD1C}"
EndProject
Global
	GlobalSection(SolutionConfigurationPlatforms) = preSolution
		Debug|Any CPU = Debug|Any CPU
		Debug|x64 = Debug|x64
		Debug|x86 = Debug|x86
		Release|Any CPU = Release|Any CPU
		Release|x64 = Release|x64
		Release|x86 = Release|x86
	EndGlobalSection
	GlobalSection(ProjectConfigurationPlatforms) = postSolution
		{D2212E28-7FF6-4E7C-AD28-CD22B4E92D5F}.Debug|Any CPU.ActiveCfg = Debug|Any CPU
		{D2212E28-7FF6-4E7C-AD28-CD22B4E92D5F}.Debug|Any CPU.Build.0 = Debug|Any CPU
		{D2212E28-7FF6-4E7C-AD28-CD22B4E92D5F}.Debug|x64.ActiveCfg = Debug|Any CPU
		{D2212E28-7FF6-4E7C-AD28-CD22B4E92D5F}.Debug|x64.Build.0 = Debug|Any CPU
		{D2212E28-7FF6-4E7C-AD28-CD22B4E92D5F}.Debug|x86.ActiveCfg = Debug|Any CPU
		{D2212E28-7FF6-4E7C-AD28-CD22B4E92D5F}.Debug|x86.Build.0 = Debug|Any CPU
		{D2212E28-7FF6-4E7C-AD28-CD22B4E92D5F}.Release|Any CPU.ActiveCfg = Release|Any CPU
		{D2212E28-7FF6-4E7C-AD28-CD22B4E92D5F}.Release|Any CPU.Build.0 = Release|Any CPU
		{D2212E28-7FF6-4E7C-AD28-CD22B4E92D5F}.Release|x64.ActiveCfg = Release|Any CPU
		{D2212E28-7FF6-4E7C-AD28-CD22B4E92D5F}.Release|x64.Build.0 = Release|Any CPU
		{D2212E28-7FF6-4E7C-AD28-CD22B4E92D5F}.Release|x86.ActiveCfg = Release|Any CPU
		{D2212E28-7FF6-4E7C-AD28-CD22B4E92D5F}.Release|x86.Build.0 = Release|Any CPU
		{5256A1AB-4AAC-4A61-8F95-D585859E6A57}.Debug|Any CPU.ActiveCfg = Debug|Any CPU
		{5256A1AB-4AAC-4A61-8F95-D585859E6A57}.Debug|Any CPU.Build.0 = Debug|Any CPU
		{5256A1AB-4AAC-4A61-8F95-D585859E6A57}.Debug|x64.ActiveCfg = Debug|Any CPU
		{5256A1AB-4AAC-4A61-8F95-D585859E6A57}.Debug|x64.Build.0 = Debug|Any CPU
		{5256A1AB-4AAC-4A61-8F95-D585859E6A57}.Debug|x86.ActiveCfg = Debug|Any CPU
		{5256A1AB-4AAC-4A61-8F95-D585859E6A57}.Debug|x86.Build.0 = Debug|Any CPU
		{5256A1AB-4AAC-4A61-8F95-D585859E6A57}.Release|Any CPU.ActiveCfg = Release|Any CPU
		{5256A1AB-4AAC-4A61-8F95-D585859E6A57}.Release|Any CPU.Build.0 = Release|Any CPU
		{5256A1AB-4AAC-4A61-8F95-D585859E6A57}.Release|x64.ActiveCfg = Release|Any CPU
		{5256A1AB-4AAC-4A61-8F95-D585859E6A57}.Release|x64.Build.0 = Release|Any CPU
		{5256A1AB-4AAC-4A61-8F95-D585859E6A57}.Release|x86.ActiveCfg = Release|Any CPU
		{5256A1AB-4AAC-4A61-8F95-D585859E6A57}.Release|x86.Build.0 = Release|Any CPU
		{31F2E65A-AD01-4BB3-8825-7E3B0042CB42}.Debug|Any CPU.ActiveCfg = Debug|Any CPU
		{31F2E65A-AD01-4BB3-8825-7E3B0042CB42}.Debug|Any CPU.Build.0 = Debug|Any CPU
		{31F2E65A-AD01-4BB3-8825-7E3B0042CB42}.Debug|x64.ActiveCfg = Debug|Any CPU
		{31F2E65A-AD01-4BB3-8825-7E3B0042CB42}.Debug|x64.Build.0 = Debug|Any CPU
		{31F2E65A-AD01-4BB3-8825-7E3B0042CB42}.Debug|x86.ActiveCfg = Debug|Any CPU
		{31F2E65A-AD01-4BB3-8825-7E3B0042CB42}.Debug|x86.Build.0 = Debug|Any CPU
		{31F2E65A-AD01-4BB3-8825-7E3B0042CB42}.Release|Any CPU.ActiveCfg = Release|Any CPU
		{31F2E65A-AD01-4BB3-8825-7E3B0042CB42}.Release|Any CPU.Build.0 = Release|Any CPU
		{31F2E65A-AD01-4BB3-8825-7E3B0042CB42}.Release|x64.ActiveCfg = Release|Any CPU
		{31F2E65A-AD01-4BB3-8825-7E3B0042CB42}.Release|x64.Build.0 = Release|Any CPU
		{31F2E65A-AD01-4BB3-8825-7E3B0042CB42}.Release|x86.ActiveCfg = Release|Any CPU
		{31F2E65A-AD01-4BB3-8825-7E3B0042CB42}.Release|x86.Build.0 = Release|Any CPU
		{5D6951A4-57E6-4E2F-9E18-24666D122084}.Debug|Any CPU.ActiveCfg = Debug|Any CPU
		{5D6951A4-57E6-4E2F-9E18-24666D122084}.Debug|Any CPU.Build.0 = Debug|Any CPU
		{5D6951A4-57E6-4E2F-9E18-24666D122084}.Debug|x64.ActiveCfg = Debug|Any CPU
		{5D6951A4-57E6-4E2F-9E18-24666D122084}.Debug|x64.Build.0 = Debug|Any CPU
		{5D6951A4-57E6-4E2F-9E18-24666D122084}.Debug|x86.ActiveCfg = Debug|Any CPU
		{5D6951A4-57E6-4E2F-9E18-24666D122084}.Debug|x86.Build.0 = Debug|Any CPU
		{5D6951A4-57E6-4E2F-9E18-24666D122084}.Release|Any CPU.ActiveCfg = Release|Any CPU
		{5D6951A4-57E6-4E2F-9E18-24666D122084}.Release|Any CPU.Build.0 = Release|Any CPU
		{5D6951A4-57E6-4E2F-9E18-24666D122084}.Release|x64.ActiveCfg = Release|Any CPU
		{5D6951A4-57E6-4E2F-9E18-24666D122084}.Release|x64.Build.0 = Release|Any CPU
		{5D6951A4-57E6-4E2F-9E18-24666D122084}.Release|x86.ActiveCfg = Release|Any CPU
		{5D6951A4-57E6-4E2F-9E18-24666D122084}.Release|x86.Build.0 = Release|Any CPU
		{C27493A5-2295-4DD9-B3D0-5B72049634E8}.Debug|Any CPU.ActiveCfg = Debug|Any CPU
		{C27493A5-2295-4DD9-B3D0-5B72049634E8}.Debug|Any CPU.Build.0 = Debug|Any CPU
		{C27493A5-2295-4DD9-B3D0-5B72049634E8}.Debug|x64.ActiveCfg = Debug|Any CPU
		{C27493A5-2295-4DD9-B3D0-5B72049634E8}.Debug|x64.Build.0 = Debug|Any CPU
		{C27493A5-2295-4DD9-B3D0-5B72049634E8}.Debug|x86.ActiveCfg = Debug|Any CPU
		{C27493A5-2295-4DD9-B3D0-5B72049634E8}.Debug|x86.Build.0 = Debug|Any CPU
		{C27493A5-2295-4DD9-B3D0-5B72049634E8}.Release|Any CPU.ActiveCfg = Release|Any CPU
		{C27493A5-2295-4DD9-B3D0-5B72049634E8}.Release|Any CPU.Build.0 = Release|Any CPU
		{C27493A5-2295-4DD9-B3D0-5B72049634E8}.Release|x64.ActiveCfg = Release|Any CPU
		{C27493A5-2295-4DD9-B3D0-5B72049634E8}.Release|x64.Build.0 = Release|Any CPU
		{C27493A5-2295-4DD9-B3D0-5B72049634E8}.Release|x86.ActiveCfg = Release|Any CPU
		{C27493A5-2295-4DD9-B3D0-5B72049634E8}.Release|x86.Build.0 = Release|Any CPU
		{77D26F7A-104A-49FE-AA7C-EE5DC4599267}.Debug|Any CPU.ActiveCfg = Debug|Any CPU
		{77D26F7A-104A-49FE-AA7C-EE5DC4599267}.Debug|Any CPU.Build.0 = Debug|Any CPU
		{77D26F7A-104A-49FE-AA7C-EE5DC4599267}.Debug|x64.ActiveCfg = Debug|Any CPU
		{77D26F7A-104A-49FE-AA7C-EE5DC4599267}.Debug|x64.Build.0 = Debug|Any CPU
		{77D26F7A-104A-49FE-AA7C-EE5DC4599267}.Debug|x86.ActiveCfg = Debug|Any CPU
		{77D26F7A-104A-49FE-AA7C-EE5DC4599267}.Debug|x86.Build.0 = Debug|Any CPU
		{77D26F7A-104A-49FE-AA7C-EE5DC4599267}.Release|Any CPU.ActiveCfg = Release|Any CPU
		{77D26F7A-104A-49FE-AA7C-EE5DC4599267}.Release|Any CPU.Build.0 = Release|Any CPU
		{77D26F7A-104A-49FE-AA7C-EE5DC4599267}.Release|x64.ActiveCfg = Release|Any CPU
		{77D26F7A-104A-49FE-AA7C-EE5DC4599267}.Release|x64.Build.0 = Release|Any CPU
		{77D26F7A-104A-49FE-AA7C-EE5DC4599267}.Release|x86.ActiveCfg = Release|Any CPU
		{77D26F7A-104A-49FE-AA7C-EE5DC4599267}.Release|x86.Build.0 = Release|Any CPU
		{39B56E68-E12A-418D-B7B1-3ECC011BAD1C}.Debug|Any CPU.ActiveCfg = Debug|Any CPU
		{39B56E68-E12A-418D-B7B1-3ECC011BAD1C}.Debug|Any CPU.Build.0 = Debug|Any CPU
		{39B56E68-E12A-418D-B7B1-3ECC011BAD1C}.Debug|x64.ActiveCfg = Debug|Any CPU
		{39B56E68-E12A-418D-B7B1-3ECC011BAD1C}.Debug|x64.Build.0 = Debug|Any CPU
		{39B56E68-E12A-418D-B7B1-3ECC011BAD1C}.Debug|x86.ActiveCfg = Debug|Any CPU
		{39B56E68-E12A-418D-B7B1-3ECC011BAD1C}.Debug|x86.Build.0 = Debug|Any CPU
		{39B56E68-E12A-418D-B7B1-3ECC011BAD1C}.Release|Any CPU.ActiveCfg = Release|Any CPU
		{39B56E68-E12A-418D-B7B1-3ECC011BAD1C}.Release|Any CPU.Build.0 = Release|Any CPU
		{39B56E68-E12A-418D-B7B1-3ECC011BAD1C}.Release|x64.ActiveCfg = Release|Any CPU
		{39B56E68-E12A-418D-B7B1-3ECC011BAD1C}.Release|x64.Build.0 = Release|Any CPU
		{39B56E68-E12A-418D-B7B1-3ECC011BAD1C}.Release|x86.ActiveCfg = Release|Any CPU
		{39B56E68-E12A-418D-B7B1-3ECC011BAD1C}.Release|x86.Build.0 = Release|Any CPU
	EndGlobalSection
	GlobalSection(SolutionProperties) = preSolution
		HideSolutionNode = FALSE
	EndGlobalSection
	GlobalSection(ExtensibilityGlobals) = postSolution
		SolutionGuid = {2118B4E7-09F1-45EA-A596-12BF1C492CA1}
	EndGlobalSection
EndGlobal
